// !$*UTF8*$!
{
	archiveVersion = 1;
	classes = {
	};
	objectVersion = 46;
	objects = {

/* Begin PBXBuildFile section */
		495FC8871A12B19700674A1A /* main.m in Sources */ = {isa = PBXBuildFile; fileRef = 495FC8861A12B19700674A1A /* main.m */; };
		495FC88A1A12B19700674A1A /* AppDelegate.m in Sources */ = {isa = PBXBuildFile; fileRef = 495FC8891A12B19700674A1A /* AppDelegate.m */; };
		495FC88D1A12B19700674A1A /* LostCharacters.xcdatamodeld in Sources */ = {isa = PBXBuildFile; fileRef = 495FC88B1A12B19700674A1A /* LostCharacters.xcdatamodeld */; };
		495FC8901A12B19700674A1A /* RootViewController.m in Sources */ = {isa = PBXBuildFile; fileRef = 495FC88F1A12B19700674A1A /* RootViewController.m */; };
		495FC8931A12B19700674A1A /* Main.storyboard in Resources */ = {isa = PBXBuildFile; fileRef = 495FC8911A12B19700674A1A /* Main.storyboard */; };
		495FC8951A12B19700674A1A /* Images.xcassets in Resources */ = {isa = PBXBuildFile; fileRef = 495FC8941A12B19700674A1A /* Images.xcassets */; };
		495FC8981A12B19700674A1A /* LaunchScreen.xib in Resources */ = {isa = PBXBuildFile; fileRef = 495FC8961A12B19700674A1A /* LaunchScreen.xib */; };
		495FC8A41A12B19700674A1A /* LostCharactersTests.m in Sources */ = {isa = PBXBuildFile; fileRef = 495FC8A31A12B19700674A1A /* LostCharactersTests.m */; };
		495FC8B61A12C5B700674A1A /* lost.plist in Resources */ = {isa = PBXBuildFile; fileRef = 495FC8B51A12C5B700674A1A /* lost.plist */; };
		495FC8B91A12C81200674A1A /* Plist.m in Sources */ = {isa = PBXBuildFile; fileRef = 495FC8B81A12C81200674A1A /* Plist.m */; };
		495FC8BC1A12CA9900674A1A /* CoreData.m in Sources */ = {isa = PBXBuildFile; fileRef = 495FC8BB1A12CA9900674A1A /* CoreData.m */; };
		495FC8C51A12F70E00674A1A /* LostCharacterTableViewCell.m in Sources */ = {isa = PBXBuildFile; fileRef = 495FC8C41A12F70E00674A1A /* LostCharacterTableViewCell.m */; };
		49D44EC61A16F07F0026B9D8 /* CharacterViewController.m in Sources */ = {isa = PBXBuildFile; fileRef = 49D44EC51A16F07F0026B9D8 /* CharacterViewController.m */; };
/* End PBXBuildFile section */

/* Begin PBXContainerItemProxy section */
		495FC89E1A12B19700674A1A /* PBXContainerItemProxy */ = {
			isa = PBXContainerItemProxy;
			containerPortal = 495FC8791A12B19700674A1A /* Project object */;
			proxyType = 1;
			remoteGlobalIDString = 495FC8801A12B19700674A1A;
			remoteInfo = LostCharacters;
		};
/* End PBXContainerItemProxy section */

/* Begin PBXFileReference section */
		495FC8811A12B19700674A1A /* LostCharacters.app */ = {isa = PBXFileReference; explicitFileType = wrapper.application; includeInIndex = 0; path = LostCharacters.app; sourceTree = BUILT_PRODUCTS_DIR; };
		495FC8851A12B19700674A1A /* Info.plist */ = {isa = PBXFileReference; lastKnownFileType = text.plist.xml; path = Info.plist; sourceTree = "<group>"; };
		495FC8861A12B19700674A1A /* main.m */ = {isa = PBXFileReference; lastKnownFileType = sourcecode.c.objc; path = main.m; sourceTree = "<group>"; };
		495FC8881A12B19700674A1A /* AppDelegate.h */ = {isa = PBXFileReference; lastKnownFileType = sourcecode.c.h; path = AppDelegate.h; sourceTree = "<group>"; };
		495FC8891A12B19700674A1A /* AppDelegate.m */ = {isa = PBXFileReference; lastKnownFileType = sourcecode.c.objc; path = AppDelegate.m; sourceTree = "<group>"; };
		495FC88C1A12B19700674A1A /* LostCharacters.xcdatamodel */ = {isa = PBXFileReference; lastKnownFileType = wrapper.xcdatamodel; path = LostCharacters.xcdatamodel; sourceTree = "<group>"; };
		495FC88E1A12B19700674A1A /* RootViewController.h */ = {isa = PBXFileReference; lastKnownFileType = sourcecode.c.h; path = RootViewController.h; sourceTree = "<group>"; };
		495FC88F1A12B19700674A1A /* RootViewController.m */ = {isa = PBXFileReference; lastKnownFileType = sourcecode.c.objc; path = RootViewController.m; sourceTree = "<group>"; };
		495FC8921A12B19700674A1A /* Base */ = {isa = PBXFileReference; lastKnownFileType = file.storyboard; name = Base; path = Base.lproj/Main.storyboard; sourceTree = "<group>"; };
		495FC8941A12B19700674A1A /* Images.xcassets */ = {isa = PBXFileReference; lastKnownFileType = folder.assetcatalog; path = Images.xcassets; sourceTree = "<group>"; };
		495FC8971A12B19700674A1A /* Base */ = {isa = PBXFileReference; lastKnownFileType = file.xib; name = Base; path = Base.lproj/LaunchScreen.xib; sourceTree = "<group>"; };
		495FC89D1A12B19700674A1A /* LostCharactersTests.xctest */ = {isa = PBXFileReference; explicitFileType = wrapper.cfbundle; includeInIndex = 0; path = LostCharactersTests.xctest; sourceTree = BUILT_PRODUCTS_DIR; };
		495FC8A21A12B19700674A1A /* Info.plist */ = {isa = PBXFileReference; lastKnownFileType = text.plist.xml; path = Info.plist; sourceTree = "<group>"; };
		495FC8A31A12B19700674A1A /* LostCharactersTests.m */ = {isa = PBXFileReference; lastKnownFileType = sourcecode.c.objc; path = LostCharactersTests.m; sourceTree = "<group>"; };
		495FC8B51A12C5B700674A1A /* lost.plist */ = {isa = PBXFileReference; fileEncoding = 4; lastKnownFileType = text.plist.xml; path = lost.plist; sourceTree = "<group>"; };
		495FC8B71A12C81200674A1A /* Plist.h */ = {isa = PBXFileReference; fileEncoding = 4; lastKnownFileType = sourcecode.c.h; path = Plist.h; sourceTree = "<group>"; };
		495FC8B81A12C81200674A1A /* Plist.m */ = {isa = PBXFileReference; fileEncoding = 4; lastKnownFileType = sourcecode.c.objc; path = Plist.m; sourceTree = "<group>"; };
		495FC8BA1A12CA9900674A1A /* CoreData.h */ = {isa = PBXFileReference; fileEncoding = 4; lastKnownFileType = sourcecode.c.h; path = CoreData.h; sourceTree = "<group>"; };
		495FC8BB1A12CA9900674A1A /* CoreData.m */ = {isa = PBXFileReference; fileEncoding = 4; lastKnownFileType = sourcecode.c.objc; path = CoreData.m; sourceTree = "<group>"; };
		495FC8C31A12F70E00674A1A /* LostCharacterTableViewCell.h */ = {isa = PBXFileReference; fileEncoding = 4; lastKnownFileType = sourcecode.c.h; path = LostCharacterTableViewCell.h; sourceTree = "<group>"; };
		495FC8C41A12F70E00674A1A /* LostCharacterTableViewCell.m */ = {isa = PBXFileReference; fileEncoding = 4; lastKnownFileType = sourcecode.c.objc; path = LostCharacterTableViewCell.m; sourceTree = "<group>"; };
		49D44EC41A16F07F0026B9D8 /* CharacterViewController.h */ = {isa = PBXFileReference; fileEncoding = 4; lastKnownFileType = sourcecode.c.h; path = CharacterViewController.h; sourceTree = "<group>"; };
		49D44EC51A16F07F0026B9D8 /* CharacterViewController.m */ = {isa = PBXFileReference; fileEncoding = 4; lastKnownFileType = sourcecode.c.objc; path = CharacterViewController.m; sourceTree = "<group>"; };
/* End PBXFileReference section */

/* Begin PBXFrameworksBuildPhase section */
		495FC87E1A12B19700674A1A /* Frameworks */ = {
			isa = PBXFrameworksBuildPhase;
			buildActionMask = 2147483647;
			files = (
			);
			runOnlyForDeploymentPostprocessing = 0;
		};
		495FC89A1A12B19700674A1A /* Frameworks */ = {
			isa = PBXFrameworksBuildPhase;
			buildActionMask = 2147483647;
			files = (
			);
			runOnlyForDeploymentPostprocessing = 0;
		};
/* End PBXFrameworksBuildPhase section */

/* Begin PBXGroup section */
		495FC8781A12B19700674A1A = {
			isa = PBXGroup;
			children = (
				495FC8831A12B19700674A1A /* LostCharacters */,
				495FC8A01A12B19700674A1A /* LostCharactersTests */,
				495FC8821A12B19700674A1A /* Products */,
			);
			sourceTree = "<group>";
		};
		495FC8821A12B19700674A1A /* Products */ = {
			isa = PBXGroup;
			children = (
				495FC8811A12B19700674A1A /* LostCharacters.app */,
				495FC89D1A12B19700674A1A /* LostCharactersTests.xctest */,
			);
			name = Products;
			sourceTree = "<group>";
		};
		495FC8831A12B19700674A1A /* LostCharacters */ = {
			isa = PBXGroup;
			children = (
				495FC8881A12B19700674A1A /* AppDelegate.h */,
				495FC8891A12B19700674A1A /* AppDelegate.m */,
				495FC88E1A12B19700674A1A /* RootViewController.h */,
				495FC88F1A12B19700674A1A /* RootViewController.m */,
				49D44EC41A16F07F0026B9D8 /* CharacterViewController.h */,
				49D44EC51A16F07F0026B9D8 /* CharacterViewController.m */,
				495FC8911A12B19700674A1A /* Main.storyboard */,
				495FC8941A12B19700674A1A /* Images.xcassets */,
				495FC8961A12B19700674A1A /* LaunchScreen.xib */,
				495FC88B1A12B19700674A1A /* LostCharacters.xcdatamodeld */,
				495FC8B41A12BFA100674A1A /* Model */,
				495FC8841A12B19700674A1A /* Supporting Files */,
			);
			path = LostCharacters;
			sourceTree = "<group>";
		};
		495FC8841A12B19700674A1A /* Supporting Files */ = {
			isa = PBXGroup;
			children = (
				495FC8B51A12C5B700674A1A /* lost.plist */,
				495FC8851A12B19700674A1A /* Info.plist */,
				495FC8861A12B19700674A1A /* main.m */,
			);
			name = "Supporting Files";
			sourceTree = "<group>";
		};
		495FC8A01A12B19700674A1A /* LostCharactersTests */ = {
			isa = PBXGroup;
			children = (
				495FC8A31A12B19700674A1A /* LostCharactersTests.m */,
				495FC8A11A12B19700674A1A /* Supporting Files */,
			);
			path = LostCharactersTests;
			sourceTree = "<group>";
		};
		495FC8A11A12B19700674A1A /* Supporting Files */ = {
			isa = PBXGroup;
			children = (
				495FC8A21A12B19700674A1A /* Info.plist */,
			);
			name = "Supporting Files";
			sourceTree = "<group>";
		};
		495FC8B41A12BFA100674A1A /* Model */ = {
			isa = PBXGroup;
			children = (
				495FC8BA1A12CA9900674A1A /* CoreData.h */,
				495FC8BB1A12CA9900674A1A /* CoreData.m */,
				495FC8B71A12C81200674A1A /* Plist.h */,
				495FC8B81A12C81200674A1A /* Plist.m */,
				495FC8C31A12F70E00674A1A /* LostCharacterTableViewCell.h */,
				495FC8C41A12F70E00674A1A /* LostCharacterTableViewCell.m */,
			);
			name = Model;
			sourceTree = "<group>";
		};
/* End PBXGroup section */

/* Begin PBXNativeTarget section */
		495FC8801A12B19700674A1A /* LostCharacters */ = {
			isa = PBXNativeTarget;
			buildConfigurationList = 495FC8A71A12B19700674A1A /* Build configuration list for PBXNativeTarget "LostCharacters" */;
			buildPhases = (
				495FC87D1A12B19700674A1A /* Sources */,
				495FC87E1A12B19700674A1A /* Frameworks */,
				495FC87F1A12B19700674A1A /* Resources */,
			);
			buildRules = (
			);
			dependencies = (
			);
			name = LostCharacters;
			productName = LostCharacters;
			productReference = 495FC8811A12B19700674A1A /* LostCharacters.app */;
			productType = "com.apple.product-type.application";
		};
		495FC89C1A12B19700674A1A /* LostCharactersTests */ = {
			isa = PBXNativeTarget;
			buildConfigurationList = 495FC8AA1A12B19700674A1A /* Build configuration list for PBXNativeTarget "LostCharactersTests" */;
			buildPhases = (
				495FC8991A12B19700674A1A /* Sources */,
				495FC89A1A12B19700674A1A /* Frameworks */,
				495FC89B1A12B19700674A1A /* Resources */,
			);
			buildRules = (
			);
			dependencies = (
				495FC89F1A12B19700674A1A /* PBXTargetDependency */,
			);
			name = LostCharactersTests;
			productName = LostCharactersTests;
			productReference = 495FC89D1A12B19700674A1A /* LostCharactersTests.xctest */;
			productType = "com.apple.product-type.bundle.unit-test";
		};
/* End PBXNativeTarget section */

/* Begin PBXProject section */
		495FC8791A12B19700674A1A /* Project object */ = {
			isa = PBXProject;
			attributes = {
				LastUpgradeCheck = 0610;
				ORGANIZATIONNAME = "Andrew Liu";
				TargetAttributes = {
					495FC8801A12B19700674A1A = {
						CreatedOnToolsVersion = 6.1;
					};
					495FC89C1A12B19700674A1A = {
						CreatedOnToolsVersion = 6.1;
						TestTargetID = 495FC8801A12B19700674A1A;
					};
				};
			};
			buildConfigurationList = 495FC87C1A12B19700674A1A /* Build configuration list for PBXProject "LostCharacters" */;
			compatibilityVersion = "Xcode 3.2";
			developmentRegion = English;
			hasScannedForEncodings = 0;
			knownRegions = (
				en,
				Base,
			);
			mainGroup = 495FC8781A12B19700674A1A;
			productRefGroup = 495FC8821A12B19700674A1A /* Products */;
			projectDirPath = "";
			projectRoot = "";
			targets = (
				495FC8801A12B19700674A1A /* LostCharacters */,
				495FC89C1A12B19700674A1A /* LostCharactersTests */,
			);
		};
/* End PBXProject section */

/* Begin PBXResourcesBuildPhase section */
		495FC87F1A12B19700674A1A /* Resources */ = {
			isa = PBXResourcesBuildPhase;
			buildActionMask = 2147483647;
			files = (
				495FC8931A12B19700674A1A /* Main.storyboard in Resources */,
				495FC8981A12B19700674A1A /* LaunchScreen.xib in Resources */,
				495FC8B61A12C5B700674A1A /* lost.plist in Resources */,
				495FC8951A12B19700674A1A /* Images.xcassets in Resources */,
			);
			runOnlyForDeploymentPostprocessing = 0;
		};
		495FC89B1A12B19700674A1A /* Resources */ = {
			isa = PBXResourcesBuildPhase;
			buildActionMask = 2147483647;
			files = (
			);
			runOnlyForDeploymentPostprocessing = 0;
		};
/* End PBXResourcesBuildPhase section */

/* Begin PBXSourcesBuildPhase section */
		495FC87D1A12B19700674A1A /* Sources */ = {
			isa = PBXSourcesBuildPhase;
			buildActionMask = 2147483647;
			files = (
				495FC88D1A12B19700674A1A /* LostCharacters.xcdatamodeld in Sources */,
				495FC8C51A12F70E00674A1A /* LostCharacterTableViewCell.m in Sources */,
				495FC88A1A12B19700674A1A /* AppDelegate.m in Sources */,
				495FC8BC1A12CA9900674A1A /* CoreData.m in Sources */,
				495FC8901A12B19700674A1A /* RootViewController.m in Sources */,
				495FC8871A12B19700674A1A /* main.m in Sources */,
				495FC8B91A12C81200674A1A /* Plist.m in Sources */,
				49D44EC61A16F07F0026B9D8 /* CharacterViewController.m in Sources */,
			);
			runOnlyForDeploymentPostprocessing = 0;
		};
		495FC8991A12B19700674A1A /* Sources */ = {
			isa = PBXSourcesBuildPhase;
			buildActionMask = 2147483647;
			files = (
				495FC8A41A12B19700674A1A /* LostCharactersTests.m in Sources */,
			);
			runOnlyForDeploymentPostprocessing = 0;
		};
/* End PBXSourcesBuildPhase section */

/* Begin PBXTargetDependency section */
		495FC89F1A12B19700674A1A /* PBXTargetDependency */ = {
			isa = PBXTargetDependency;
			target = 495FC8801A12B19700674A1A /* LostCharacters */;
			targetProxy = 495FC89E1A12B19700674A1A /* PBXContainerItemProxy */;
		};
/* End PBXTargetDependency section */

/* Begin PBXVariantGroup section */
		495FC8911A12B19700674A1A /* Main.storyboard */ = {
			isa = PBXVariantGroup;
			children = (
				495FC8921A12B19700674A1A /* Base */,
			);
			name = Main.storyboard;
			sourceTree = "<group>";
		};
		495FC8961A12B19700674A1A /* LaunchScreen.xib */ = {
			isa = PBXVariantGroup;
			children = (
				495FC8971A12B19700674A1A /* Base */,
			);
			name = LaunchScreen.xib;
			sourceTree = "<group>";
		};
/* End PBXVariantGroup section */

/* Begin XCBuildConfiguration section */
		495FC8A51A12B19700674A1A /* Debug */ = {
			isa = XCBuildConfiguration;
			buildSettings = {
				ALWAYS_SEARCH_USER_PATHS = NO;
				CLANG_CXX_LANGUAGE_STANDARD = "gnu++0x";
				CLANG_CXX_LIBRARY = "libc++";
				CLANG_ENABLE_MODULES = YES;
				CLANG_ENABLE_OBJC_ARC = YES;
				CLANG_WARN_BOOL_CONVERSION = YES;
				CLANG_WARN_CONSTANT_CONVERSION = YES;
				CLANG_WARN_DIRECT_OBJC_ISA_USAGE = YES_ERROR;
				CLANG_WARN_EMPTY_BODY = YES;
				CLANG_WARN_ENUM_CONVERSION = YES;
				CLANG_WARN_INT_CONVERSION = YES;
				CLANG_WARN_OBJC_ROOT_CLASS = YES_ERROR;
				CLANG_WARN_UNREACHABLE_CODE = YES;
				CLANG_WARN__DUPLICATE_METHOD_MATCH = YES;
				"CODE_SIGN_IDENTITY[sdk=iphoneos*]" = "iPhone Developer";
				COPY_PHASE_STRIP = NO;
				ENABLE_STRICT_OBJC_MSGSEND = YES;
				GCC_C_LANGUAGE_STANDARD = gnu99;
				GCC_DYNAMIC_NO_PIC = NO;
				GCC_OPTIMIZATION_LEVEL = 0;
				GCC_PREPROCESSOR_DEFINITIONS = (
					"DEBUG=1",
					"$(inherited)",
				);
				GCC_SYMBOLS_PRIVATE_EXTERN = NO;
				GCC_WARN_64_TO_32_BIT_CONVERSION = YES;
				GCC_WARN_ABOUT_RETURN_TYPE = YES_ERROR;
				GCC_WARN_UNDECLARED_SELECTOR = YES;
				GCC_WARN_UNINITIALIZED_AUTOS = YES_AGGRESSIVE;
				GCC_WARN_UNUSED_FUNCTION = YES;
				GCC_WARN_UNUSED_VARIABLE = YES;
				IPHONEOS_DEPLOYMENT_TARGET = 8.1;
				MTL_ENABLE_DEBUG_INFO = YES;
				ONLY_ACTIVE_ARCH = YES;
				SDKROOT = iphoneos;
			};
			name = Debug;
		};
		495FC8A61A12B19700674A1A /* Release */ = {
			isa = XCBuildConfiguration;
			buildSettings = {
				ALWAYS_SEARCH_USER_PATHS = NO;
				CLANG_CXX_LANGUAGE_STANDARD = "gnu++0x";
				CLANG_CXX_LIBRARY = "libc++";
				CLANG_ENABLE_MODULES = YES;
				CLANG_ENABLE_OBJC_ARC = YES;
				CLANG_WARN_BOOL_CONVERSION = YES;
				CLANG_WARN_CONSTANT_CONVERSION = YES;
				CLANG_WARN_DIRECT_OBJC_ISA_USAGE = YES_ERROR;
				CLANG_WARN_EMPTY_BODY = YES;
				CLANG_WARN_ENUM_CONVERSION = YES;
				CLANG_WARN_INT_CONVERSION = YES;
				CLANG_WARN_OBJC_ROOT_CLASS = YES_ERROR;
				CLANG_WARN_UNREACHABLE_CODE = YES;
				CLANG_WARN__DUPLICATE_METHOD_MATCH = YES;
				"CODE_SIGN_IDENTITY[sdk=iphoneos*]" = "iPhone Developer";
				COPY_PHASE_STRIP = YES;
				ENABLE_NS_ASSERTIONS = NO;
				ENABLE_STRICT_OBJC_MSGSEND = YES;
				GCC_C_LANGUAGE_STANDARD = gnu99;
				GCC_WARN_64_TO_32_BIT_CONVERSION = YES;
				GCC_WARN_ABOUT_RETURN_TYPE = YES_ERROR;
				GCC_WARN_UNDECLARED_SELECTOR = YES;
				GCC_WARN_UNINITIALIZED_AUTOS = YES_AGGRESSIVE;
				GCC_WARN_UNUSED_FUNCTION = YES;
				GCC_WARN_UNUSED_VARIABLE = YES;
				IPHONEOS_DEPLOYMENT_TARGET = 8.1;
				MTL_ENABLE_DEBUG_INFO = NO;
				SDKROOT = iphoneos;
				VALIDATE_PRODUCT = YES;
			};
			name = Release;
		};
		495FC8A81A12B19700674A1A /* Debug */ = {
			isa = XCBuildConfiguration;
			buildSettings = {
				ASSETCATALOG_COMPILER_APPICON_NAME = AppIcon;
				INFOPLIST_FILE = LostCharacters/Info.plist;
				LD_RUNPATH_SEARCH_PATHS = "$(inherited) @executable_path/Frameworks";
				PRODUCT_NAME = "$(TARGET_NAME)";
			};
			name = Debug;
		};
		495FC8A91A12B19700674A1A /* Release */ = {
			isa = XCBuildConfiguration;
			buildSettings = {
				ASSETCATALOG_COMPILER_APPICON_NAME = AppIcon;
				INFOPLIST_FILE = LostCharacters/Info.plist;
				LD_RUNPATH_SEARCH_PATHS = "$(inherited) @executable_path/Frameworks";
				PRODUCT_NAME = "$(TARGET_NAME)";
			};
			name = Release;
		};
		495FC8AB1A12B19700674A1A /* Debug */ = {
			isa = XCBuildConfiguration;
			buildSettings = {
				BUNDLE_LOADER = "$(TEST_HOST)";
				FRAMEWORK_SEARCH_PATHS = (
					"$(SDKROOT)/Developer/Library/Frameworks",
					"$(inherited)",
				);
				GCC_PREPROCESSOR_DEFINITIONS = (
					"DEBUG=1",
					"$(inherited)",
				);
				INFOPLIST_FILE = LostCharactersTests/Info.plist;
				LD_RUNPATH_SEARCH_PATHS = "$(inherited) @executable_path/Frameworks @loader_path/Frameworks";
				PRODUCT_NAME = "$(TARGET_NAME)";
				TEST_HOST = "$(BUILT_PRODUCTS_DIR)/LostCharacters.app/LostCharacters";
			};
			name = Debug;
		};
		495FC8AC1A12B19700674A1A /* Release */ = {
			isa = XCBuildConfiguration;
			buildSettings = {
				BUNDLE_LOADER = "$(TEST_HOST)";
				FRAMEWORK_SEARCH_PATHS = (
					"$(SDKROOT)/Developer/Library/Frameworks",
					"$(inherited)",
				);
				INFOPLIST_FILE = LostCharactersTests/Info.plist;
				LD_RUNPATH_SEARCH_PATHS = "$(inherited) @executable_path/Frameworks @loader_path/Frameworks";
				PRODUCT_NAME = "$(TARGET_NAME)";
				TEST_HOST = "$(BUILT_PRODUCTS_DIR)/LostCharacters.app/LostCharacters";
			};
			name = Release;
		};
/* End XCBuildConfiguration section */

/* Begin XCConfigurationList section */
		495FC87C1A12B19700674A1A /* Build configuration list for PBXProject "LostCharacters" */ = {
			isa = XCConfigurationList;
			buildConfigurations = (
				495FC8A51A12B19700674A1A /* Debug */,
				495FC8A61A12B19700674A1A /* Release */,
			);
			defaultConfigurationIsVisible = 0;
			defaultConfigurationName = Release;
		};
		495FC8A71A12B19700674A1A /* Build configuration list for PBXNativeTarget "LostCharacters" */ = {
			isa = XCConfigurationList;
			buildConfigurations = (
				495FC8A81A12B19700674A1A /* Debug */,
				495FC8A91A12B19700674A1A /* Release */,
			);
			defaultConfigurationIsVisible = 0;
			defaultConfigurationName = Release;
		};
		495FC8AA1A12B19700674A1A /* Build configuration list for PBXNativeTarget "LostCharactersTests" */ = {
			isa = XCConfigurationList;
			buildConfigurations = (
				495FC8AB1A12B19700674A1A /* Debug */,
				495FC8AC1A12B19700674A1A /* Release */,
			);
			defaultConfigurationIsVisible = 0;
			defaultConfigurationName = Release;
		};
/* End XCConfigurationList section */

/* Begin XCVersionGroup section */
		495FC88B1A12B19700674A1A /* LostCharacters.xcdatamodeld */ = {
			isa = XCVersionGroup;
			children = (
				495FC88C1A12B19700674A1A /* LostCharacters.xcdatamodel */,
			);
			currentVersion = 495FC88C1A12B19700674A1A /* LostCharacters.xcdatamodel */;
			path = LostCharacters.xcdatamodeld;
			sourceTree = "<group>";
			versionGroupType = wrapper.xcdatamodel;
		};
/* End XCVersionGroup section */
	};
	rootObject = 495FC8791A12B19700674A1A /* Project object */;
}
